// !$*UTF8*$!
{
	archiveVersion = 1;
	classes = {
	};
	objectVersion = 77;
	objects = {

/* Begin PBXContainerItemProxy section */
		18D9B56A2D06CA2100C8D359 /* PBXContainerItemProxy */ = {
			isa = PBXContainerItemProxy;
			containerPortal = 18D9B5512D06CA1E00C8D359 /* Project object */;
			proxyType = 1;
			remoteGlobalIDString = 18D9B5582D06CA1E00C8D359;
			remoteInfo = itunesMobileApp;
		};
		18D9B5742D06CA2100C8D359 /* PBXContainerItemProxy */ = {
			isa = PBXContainerItemProxy;
			containerPortal = 18D9B5512D06CA1E00C8D359 /* Project object */;
			proxyType = 1;
			remoteGlobalIDString = 18D9B5582D06CA1E00C8D359;
			remoteInfo = itunesMobileApp;
		};
/* End PBXContainerItemProxy section */

/* Begin PBXFileReference section */
		18D9B5592D06CA1E00C8D359 /* itunesMobileApp.app */ = {isa = PBXFileReference; explicitFileType = wrapper.application; includeInIndex = 0; path = itunesMobileApp.app; sourceTree = BUILT_PRODUCTS_DIR; };
		18D9B5692D06CA2100C8D359 /* itunesMobileAppTests.xctest */ = {isa = PBXFileReference; explicitFileType = wrapper.cfbundle; includeInIndex = 0; path = itunesMobileAppTests.xctest; sourceTree = BUILT_PRODUCTS_DIR; };
		18D9B5732D06CA2100C8D359 /* itunesMobileAppUITests.xctest */ = {isa = PBXFileReference; explicitFileType = wrapper.cfbundle; includeInIndex = 0; path = itunesMobileAppUITests.xctest; sourceTree = BUILT_PRODUCTS_DIR; };
/* End PBXFileReference section */

/* Begin PBXFileSystemSynchronizedRootGroup section */
		18D9B55B2D06CA1E00C8D359 /* itunesMobileApp */ = {
			isa = PBXFileSystemSynchronizedRootGroup;
			path = itunesMobileApp;
			sourceTree = "<group>";
		};
		18D9B56C2D06CA2100C8D359 /* itunesMobileAppTests */ = {
			isa = PBXFileSystemSynchronizedRootGroup;
			path = itunesMobileAppTests;
			sourceTree = "<group>";
		};
		18D9B5762D06CA2100C8D359 /* itunesMobileAppUITests */ = {
			isa = PBXFileSystemSynchronizedRootGroup;
			path = itunesMobileAppUITests;
			sourceTree = "<group>";
		};
/* End PBXFileSystemSynchronizedRootGroup section */

/* Begin PBXFrameworksBuildPhase section */
		18D9B5562D06CA1E00C8D359 /* Frameworks */ = {
			isa = PBXFrameworksBuildPhase;
			buildActionMask = 2147483647;
			files = (
			);
			runOnlyForDeploymentPostprocessing = 0;
		};
		18D9B5662D06CA2100C8D359 /* Frameworks */ = {
			isa = PBXFrameworksBuildPhase;
			buildActionMask = 2147483647;
			files = (
			);
			runOnlyForDeploymentPostprocessing = 0;
		};
		18D9B5702D06CA2100C8D359 /* Frameworks */ = {
			isa = PBXFrameworksBuildPhase;
			buildActionMask = 2147483647;
			files = (
			);
			runOnlyForDeploymentPostprocessing = 0;
		};
/* End PBXFrameworksBuildPhase section */

/* Begin PBXGroup section */
		18D9B5502D06CA1E00C8D359 = {
			isa = PBXGroup;
			children = (
				18D9B55B2D06CA1E00C8D359 /* itunesMobileApp */,
				18D9B56C2D06CA2100C8D359 /* itunesMobileAppTests */,
				18D9B5762D06CA2100C8D359 /* itunesMobileAppUITests */,
				18D9B55A2D06CA1E00C8D359 /* Products */,
			);
			sourceTree = "<group>";
		};
		18D9B55A2D06CA1E00C8D359 /* Products */ = {
			isa = PBXGroup;
			children = (
				18D9B5592D06CA1E00C8D359 /* itunesMobileApp.app */,
				18D9B5692D06CA2100C8D359 /* itunesMobileAppTests.xctest */,
				18D9B5732D06CA2100C8D359 /* itunesMobileAppUITests.xctest */,
			);
			name = Products;
			sourceTree = "<group>";
		};
/* End PBXGroup section */

/* Begin PBXNativeTarget section */
		18D9B5582D06CA1E00C8D359 /* itunesMobileApp */ = {
			isa = PBXNativeTarget;
			buildConfigurationList = 18D9B57D2D06CA2100C8D359 /* Build configuration list for PBXNativeTarget "itunesMobileApp" */;
			buildPhases = (
				18D9B5552D06CA1E00C8D359 /* Sources */,
				18D9B5562D06CA1E00C8D359 /* Frameworks */,
				18D9B5572D06CA1E00C8D359 /* Resources */,
			);
			buildRules = (
			);
			dependencies = (
			);
			fileSystemSynchronizedGroups = (
				18D9B55B2D06CA1E00C8D359 /* itunesMobileApp */,
			);
			name = itunesMobileApp;
			packageProductDependencies = (
			);
			productName = itunesMobileApp;
			productReference = 18D9B5592D06CA1E00C8D359 /* itunesMobileApp.app */;
			productType = "com.apple.product-type.application";
		};
		18D9B5682D06CA2100C8D359 /* itunesMobileAppTests */ = {
			isa = PBXNativeTarget;
			buildConfigurationList = 18D9B5802D06CA2100C8D359 /* Build configuration list for PBXNativeTarget "itunesMobileAppTests" */;
			buildPhases = (
				18D9B5652D06CA2100C8D359 /* Sources */,
				18D9B5662D06CA2100C8D359 /* Frameworks */,
				18D9B5672D06CA2100C8D359 /* Resources */,
			);
			buildRules = (
			);
			dependencies = (
				18D9B56B2D06CA2100C8D359 /* PBXTargetDependency */,
			);
			fileSystemSynchronizedGroups = (
				18D9B56C2D06CA2100C8D359 /* itunesMobileAppTests */,
			);
			name = itunesMobileAppTests;
			packageProductDependencies = (
			);
			productName = itunesMobileAppTests;
			productReference = 18D9B5692D06CA2100C8D359 /* itunesMobileAppTests.xctest */;
			productType = "com.apple.product-type.bundle.unit-test";
		};
		18D9B5722D06CA2100C8D359 /* itunesMobileAppUITests */ = {
			isa = PBXNativeTarget;
			buildConfigurationList = 18D9B5832D06CA2100C8D359 /* Build configuration list for PBXNativeTarget "itunesMobileAppUITests" */;
			buildPhases = (
				18D9B56F2D06CA2100C8D359 /* Sources */,
				18D9B5702D06CA2100C8D359 /* Frameworks */,
				18D9B5712D06CA2100C8D359 /* Resources */,
			);
			buildRules = (
			);
			dependencies = (
				18D9B5752D06CA2100C8D359 /* PBXTargetDependency */,
			);
			fileSystemSynchronizedGroups = (
				18D9B5762D06CA2100C8D359 /* itunesMobileAppUITests */,
			);
			name = itunesMobileAppUITests;
			packageProductDependencies = (
			);
			productName = itunesMobileAppUITests;
			productReference = 18D9B5732D06CA2100C8D359 /* itunesMobileAppUITests.xctest */;
			productType = "com.apple.product-type.bundle.ui-testing";
		};
/* End PBXNativeTarget section */

/* Begin PBXProject section */
		18D9B5512D06CA1E00C8D359 /* Project object */ = {
			isa = PBXProject;
			attributes = {
				BuildIndependentTargetsInParallel = 1;
				LastSwiftUpdateCheck = 1600;
				LastUpgradeCheck = 1600;
				TargetAttributes = {
					18D9B5582D06CA1E00C8D359 = {
						CreatedOnToolsVersion = 16.0;
					};
					18D9B5682D06CA2100C8D359 = {
						CreatedOnToolsVersion = 16.0;
						TestTargetID = 18D9B5582D06CA1E00C8D359;
					};
					18D9B5722D06CA2100C8D359 = {
						CreatedOnToolsVersion = 16.0;
						TestTargetID = 18D9B5582D06CA1E00C8D359;
					};
				};
			};
			buildConfigurationList = 18D9B5542D06CA1E00C8D359 /* Build configuration list for PBXProject "itunesMobileApp" */;
			developmentRegion = en;
			hasScannedForEncodings = 0;
			knownRegions = (
				en,
				Base,
			);
			mainGroup = 18D9B5502D06CA1E00C8D359;
			minimizedProjectReferenceProxies = 1;
			preferredProjectObjectVersion = 77;
			productRefGroup = 18D9B55A2D06CA1E00C8D359 /* Products */;
			projectDirPath = "";
			projectRoot = "";
			targets = (
				18D9B5582D06CA1E00C8D359 /* itunesMobileApp */,
				18D9B5682D06CA2100C8D359 /* itunesMobileAppTests */,
				18D9B5722D06CA2100C8D359 /* itunesMobileAppUITests */,
			);
		};
/* End PBXProject section */

/* Begin PBXResourcesBuildPhase section */
		18D9B5572D06CA1E00C8D359 /* Resources */ = {
			isa = PBXResourcesBuildPhase;
			buildActionMask = 2147483647;
			files = (
			);
			runOnlyForDeploymentPostprocessing = 0;
		};
		18D9B5672D06CA2100C8D359 /* Resources */ = {
			isa = PBXResourcesBuildPhase;
			buildActionMask = 2147483647;
			files = (
			);
			runOnlyForDeploymentPostprocessing = 0;
		};
		18D9B5712D06CA2100C8D359 /* Resources */ = {
			isa = PBXResourcesBuildPhase;
			buildActionMask = 2147483647;
			files = (
			);
			runOnlyForDeploymentPostprocessing = 0;
		};
/* End PBXResourcesBuildPhase section */

/* Begin PBXSourcesBuildPhase section */
		18D9B5552D06CA1E00C8D359 /* Sources */ = {
			isa = PBXSourcesBuildPhase;
			buildActionMask = 2147483647;
			files = (
			);
			runOnlyForDeploymentPostprocessing = 0;
		};
		18D9B5652D06CA2100C8D359 /* Sources */ = {
			isa = PBXSourcesBuildPhase;
			buildActionMask = 2147483647;
			files = (
			);
			runOnlyForDeploymentPostprocessing = 0;
		};
		18D9B56F2D06CA2100C8D359 /* Sources */ = {
			isa = PBXSourcesBuildPhase;
			buildActionMask = 2147483647;
			files = (
			);
			runOnlyForDeploymentPostprocessing = 0;
		};
/* End PBXSourcesBuildPhase section */

/* Begin PBXTargetDependency section */
		18D9B56B2D06CA2100C8D359 /* PBXTargetDependency */ = {
			isa = PBXTargetDependency;
			target = 18D9B5582D06CA1E00C8D359 /* itunesMobileApp */;
			targetProxy = 18D9B56A2D06CA2100C8D359 /* PBXContainerItemProxy */;
		};
		18D9B5752D06CA2100C8D359 /* PBXTargetDependency */ = {
			isa = PBXTargetDependency;
			target = 18D9B5582D06CA1E00C8D359 /* itunesMobileApp */;
			targetProxy = 18D9B5742D06CA2100C8D359 /* PBXContainerItemProxy */;
		};
/* End PBXTargetDependency section */

/* Begin XCBuildConfiguration section */
		18D9B57B2D06CA2100C8D359 /* Debug */ = {
			isa = XCBuildConfiguration;
			buildSettings = {
				ALWAYS_SEARCH_USER_PATHS = NO;
				ASSETCATALOG_COMPILER_GENERATE_SWIFT_ASSET_SYMBOL_EXTENSIONS = YES;
				CLANG_ANALYZER_NONNULL = YES;
				CLANG_ANALYZER_NUMBER_OBJECT_CONVERSION = YES_AGGRESSIVE;
				CLANG_CXX_LANGUAGE_STANDARD = "gnu++20";
				CLANG_ENABLE_MODULES = YES;
				CLANG_ENABLE_OBJC_ARC = YES;
				CLANG_ENABLE_OBJC_WEAK = YES;
				CLANG_WARN_BLOCK_CAPTURE_AUTORELEASING = YES;
				CLANG_WARN_BOOL_CONVERSION = YES;
				CLANG_WARN_COMMA = YES;
				CLANG_WARN_CONSTANT_CONVERSION = YES;
				CLANG_WARN_DEPRECATED_OBJC_IMPLEMENTATIONS = YES;
				CLANG_WARN_DIRECT_OBJC_ISA_USAGE = YES_ERROR;
				CLANG_WARN_DOCUMENTATION_COMMENTS = YES;
				CLANG_WARN_EMPTY_BODY = YES;
				CLANG_WARN_ENUM_CONVERSION = YES;
				CLANG_WARN_INFINITE_RECURSION = YES;
				CLANG_WARN_INT_CONVERSION = YES;
				CLANG_WARN_NON_LITERAL_NULL_CONVERSION = YES;
				CLANG_WARN_OBJC_IMPLICIT_RETAIN_SELF = YES;
				CLANG_WARN_OBJC_LITERAL_CONVERSION = YES;
				CLANG_WARN_OBJC_ROOT_CLASS = YES_ERROR;
				CLANG_WARN_QUOTED_INCLUDE_IN_FRAMEWORK_HEADER = YES;
				CLANG_WARN_RANGE_LOOP_ANALYSIS = YES;
				CLANG_WARN_STRICT_PROTOTYPES = YES;
				CLANG_WARN_SUSPICIOUS_MOVE = YES;
				CLANG_WARN_UNGUARDED_AVAILABILITY = YES_AGGRESSIVE;
				CLANG_WARN_UNREACHABLE_CODE = YES;
				CLANG_WARN__DUPLICATE_METHOD_MATCH = YES;
				COPY_PHASE_STRIP = NO;
				DEBUG_INFORMATION_FORMAT = dwarf;
				ENABLE_STRICT_OBJC_MSGSEND = YES;
				ENABLE_TESTABILITY = YES;
				ENABLE_USER_SCRIPT_SANDBOXING = YES;
				GCC_C_LANGUAGE_STANDARD = gnu17;
				GCC_DYNAMIC_NO_PIC = NO;
				GCC_NO_COMMON_BLOCKS = YES;
				GCC_OPTIMIZATION_LEVEL = 0;
				GCC_PREPROCESSOR_DEFINITIONS = (
					"DEBUG=1",
					"$(inherited)",
				);
				GCC_WARN_64_TO_32_BIT_CONVERSION = YES;
				GCC_WARN_ABOUT_RETURN_TYPE = YES_ERROR;
				GCC_WARN_UNDECLARED_SELECTOR = YES;
				GCC_WARN_UNINITIALIZED_AUTOS = YES_AGGRESSIVE;
				GCC_WARN_UNUSED_FUNCTION = YES;
				GCC_WARN_UNUSED_VARIABLE = YES;
				IPHONEOS_DEPLOYMENT_TARGET = 18.0;
				LOCALIZATION_PREFERS_STRING_CATALOGS = YES;
				MTL_ENABLE_DEBUG_INFO = INCLUDE_SOURCE;
				MTL_FAST_MATH = YES;
				ONLY_ACTIVE_ARCH = YES;
				SDKROOT = iphoneos;
				SWIFT_ACTIVE_COMPILATION_CONDITIONS = "DEBUG $(inherited)";
				SWIFT_OPTIMIZATION_LEVEL = "-Onone";
			};
			name = Debug;
		};
		18D9B57C2D06CA2100C8D359 /* Release */ = {
			isa = XCBuildConfiguration;
			buildSettings = {
				ALWAYS_SEARCH_USER_PATHS = NO;
				ASSETCATALOG_COMPILER_GENERATE_SWIFT_ASSET_SYMBOL_EXTENSIONS = YES;
				CLANG_ANALYZER_NONNULL = YES;
				CLANG_ANALYZER_NUMBER_OBJECT_CONVERSION = YES_AGGRESSIVE;
				CLANG_CXX_LANGUAGE_STANDARD = "gnu++20";
				CLANG_ENABLE_MODULES = YES;
				CLANG_ENABLE_OBJC_ARC = YES;
				CLANG_ENABLE_OBJC_WEAK = YES;
				CLANG_WARN_BLOCK_CAPTURE_AUTORELEASING = YES;
				CLANG_WARN_BOOL_CONVERSION = YES;
				CLANG_WARN_COMMA = YES;
				CLANG_WARN_CONSTANT_CONVERSION = YES;
				CLANG_WARN_DEPRECATED_OBJC_IMPLEMENTATIONS = YES;
				CLANG_WARN_DIRECT_OBJC_ISA_USAGE = YES_ERROR;
				CLANG_WARN_DOCUMENTATION_COMMENTS = YES;
				CLANG_WARN_EMPTY_BODY = YES;
				CLANG_WARN_ENUM_CONVERSION = YES;
				CLANG_WARN_INFINITE_RECURSION = YES;
				CLANG_WARN_INT_CONVERSION = YES;
				CLANG_WARN_NON_LITERAL_NULL_CONVERSION = YES;
				CLANG_WARN_OBJC_IMPLICIT_RETAIN_SELF = YES;
				CLANG_WARN_OBJC_LITERAL_CONVERSION = YES;
				CLANG_WARN_OBJC_ROOT_CLASS = YES_ERROR;
				CLANG_WARN_QUOTED_INCLUDE_IN_FRAMEWORK_HEADER = YES;
				CLANG_WARN_RANGE_LOOP_ANALYSIS = YES;
				CLANG_WARN_STRICT_PROTOTYPES = YES;
				CLANG_WARN_SUSPICIOUS_MOVE = YES;
				CLANG_WARN_UNGUARDED_AVAILABILITY = YES_AGGRESSIVE;
				CLANG_WARN_UNREACHABLE_CODE = YES;
				CLANG_WARN__DUPLICATE_METHOD_MATCH = YES;
				COPY_PHASE_STRIP = NO;
				DEBUG_INFORMATION_FORMAT = "dwarf-with-dsym";
				ENABLE_NS_ASSERTIONS = NO;
				ENABLE_STRICT_OBJC_MSGSEND = YES;
				ENABLE_USER_SCRIPT_SANDBOXING = YES;
				GCC_C_LANGUAGE_STANDARD = gnu17;
				GCC_NO_COMMON_BLOCKS = YES;
				GCC_WARN_64_TO_32_BIT_CONVERSION = YES;
				GCC_WARN_ABOUT_RETURN_TYPE = YES_ERROR;
				GCC_WARN_UNDECLARED_SELECTOR = YES;
				GCC_WARN_UNINITIALIZED_AUTOS = YES_AGGRESSIVE;
				GCC_WARN_UNUSED_FUNCTION = YES;
				GCC_WARN_UNUSED_VARIABLE = YES;
				IPHONEOS_DEPLOYMENT_TARGET = 18.0;
				LOCALIZATION_PREFERS_STRING_CATALOGS = YES;
				MTL_ENABLE_DEBUG_INFO = NO;
				MTL_FAST_MATH = YES;
				SDKROOT = iphoneos;
				SWIFT_COMPILATION_MODE = wholemodule;
				VALIDATE_PRODUCT = YES;
			};
			name = Release;
		};
		18D9B57E2D06CA2100C8D359 /* Debug */ = {
			isa = XCBuildConfiguration;
			buildSettings = {
				ASSETCATALOG_COMPILER_APPICON_NAME = AppIcon;
				ASSETCATALOG_COMPILER_GLOBAL_ACCENT_COLOR_NAME = AccentColor;
				CODE_SIGN_STYLE = Automatic;
				CURRENT_PROJECT_VERSION = 1;
				DEVELOPMENT_ASSET_PATHS = "\"itunesMobileApp/Preview Content\"";
				ENABLE_PREVIEWS = YES;
				GENERATE_INFOPLIST_FILE = YES;
				INFOPLIST_KEY_UIApplicationSceneManifest_Generation = YES;
				INFOPLIST_KEY_UIApplicationSupportsIndirectInputEvents = YES;
				INFOPLIST_KEY_UILaunchScreen_Generation = YES;
				INFOPLIST_KEY_UISupportedInterfaceOrientations_iPad = "UIInterfaceOrientationPortrait UIInterfaceOrientationPortraitUpsideDown UIInterfaceOrientationLandscapeLeft UIInterfaceOrientationLandscapeRight";
				INFOPLIST_KEY_UISupportedInterfaceOrientations_iPhone = "UIInterfaceOrientationPortrait UIInterfaceOrientationLandscapeLeft UIInterfaceOrientationLandscapeRight";
				LD_RUNPATH_SEARCH_PATHS = (
					"$(inherited)",
					"@executable_path/Frameworks",
				);
				MARKETING_VERSION = 1.0;
				PRODUCT_BUNDLE_IDENTIFIER = sai.itunesMobileApp;
				PRODUCT_NAME = "$(TARGET_NAME)";
				SWIFT_EMIT_LOC_STRINGS = YES;
				SWIFT_VERSION = 5.0;
				TARGETED_DEVICE_FAMILY = "1,2";
			};
			name = Debug;
		};
		18D9B57F2D06CA2100C8D359 /* Release */ = {
			isa = XCBuildConfiguration;
			buildSettings = {
				ASSETCATALOG_COMPILER_APPICON_NAME = AppIcon;
				ASSETCATALOG_COMPILER_GLOBAL_ACCENT_COLOR_NAME = AccentColor;
				CODE_SIGN_STYLE = Automatic;
				CURRENT_PROJECT_VERSION = 1;
				DEVELOPMENT_ASSET_PATHS = "\"itunesMobileApp/Preview Content\"";
				ENABLE_PREVIEWS = YES;
				GENERATE_INFOPLIST_FILE = YES;
				INFOPLIST_KEY_UIApplicationSceneManifest_Generation = YES;
				INFOPLIST_KEY_UIApplicationSupportsIndirectInputEvents = YES;
				INFOPLIST_KEY_UILaunchScreen_Generation = YES;
				INFOPLIST_KEY_UISupportedInterfaceOrientations_iPad = "UIInterfaceOrientationPortrait UIInterfaceOrientationPortraitUpsideDown UIInterfaceOrientationLandscapeLeft UIInterfaceOrientationLandscapeRight";
				INFOPLIST_KEY_UISupportedInterfaceOrientations_iPhone = "UIInterfaceOrientationPortrait UIInterfaceOrientationLandscapeLeft UIInterfaceOrientationLandscapeRight";
				LD_RUNPATH_SEARCH_PATHS = (
					"$(inherited)",
					"@executable_path/Frameworks",
				);
				MARKETING_VERSION = 1.0;
				PRODUCT_BUNDLE_IDENTIFIER = sai.itunesMobileApp;
				PRODUCT_NAME = "$(TARGET_NAME)";
				SWIFT_EMIT_LOC_STRINGS = YES;
				SWIFT_VERSION = 5.0;
				TARGETED_DEVICE_FAMILY = "1,2";
			};
			name = Release;
		};
		18D9B5812D06CA2100C8D359 /* Debug */ = {
			isa = XCBuildConfiguration;
			buildSettings = {
				BUNDLE_LOADER = "$(TEST_HOST)";
				CODE_SIGN_STYLE = Automatic;
				CURRENT_PROJECT_VERSION = 1;
				GENERATE_INFOPLIST_FILE = YES;
				IPHONEOS_DEPLOYMENT_TARGET = 18.0;
				MARKETING_VERSION = 1.0;
				PRODUCT_BUNDLE_IDENTIFIER = sai.itunesMobileAppTests;
				PRODUCT_NAME = "$(TARGET_NAME)";
				SWIFT_EMIT_LOC_STRINGS = NO;
				SWIFT_VERSION = 5.0;
				TARGETED_DEVICE_FAMILY = "1,2";
				TEST_HOST = "$(BUILT_PRODUCTS_DIR)/itunesMobileApp.app/$(BUNDLE_EXECUTABLE_FOLDER_PATH)/itunesMobileApp";
			};
			name = Debug;
		};
		18D9B5822D06CA2100C8D359 /* Release */ = {
			isa = XCBuildConfiguration;
			buildSettings = {
				BUNDLE_LOADER = "$(TEST_HOST)";
				CODE_SIGN_STYLE = Automatic;
				CURRENT_PROJECT_VERSION = 1;
				GENERATE_INFOPLIST_FILE = YES;
				IPHONEOS_DEPLOYMENT_TARGET = 18.0;
				MARKETING_VERSION = 1.0;
				PRODUCT_BUNDLE_IDENTIFIER = sai.itunesMobileAppTests;
				PRODUCT_NAME = "$(TARGET_NAME)";
				SWIFT_EMIT_LOC_STRINGS = NO;
				SWIFT_VERSION = 5.0;
				TARGETED_DEVICE_FAMILY = "1,2";
				TEST_HOST = "$(BUILT_PRODUCTS_DIR)/itunesMobileApp.app/$(BUNDLE_EXECUTABLE_FOLDER_PATH)/itunesMobileApp";
			};
			name = Release;
		};
		18D9B5842D06CA2100C8D359 /* Debug */ = {
			isa = XCBuildConfiguration;
			buildSettings = {
				CODE_SIGN_STYLE = Automatic;
				CURRENT_PROJECT_VERSION = 1;
				GENERATE_INFOPLIST_FILE = YES;
				MARKETING_VERSION = 1.0;
				PRODUCT_BUNDLE_IDENTIFIER = sai.itunesMobileAppUITests;
				PRODUCT_NAME = "$(TARGET_NAME)";
				SWIFT_EMIT_LOC_STRINGS = NO;
				SWIFT_VERSION = 5.0;
				TARGETED_DEVICE_FAMILY = "1,2";
				TEST_TARGET_NAME = itunesMobileApp;
			};
			name = Debug;
		};
		18D9B5852D06CA2100C8D359 /* Release */ = {
			isa = XCBuildConfiguration;
			buildSettings = {
				CODE_SIGN_STYLE = Automatic;
				CURRENT_PROJECT_VERSION = 1;
				GENERATE_INFOPLIST_FILE = YES;
				MARKETING_VERSION = 1.0;
				PRODUCT_BUNDLE_IDENTIFIER = sai.itunesMobileAppUITests;
				PRODUCT_NAME = "$(TARGET_NAME)";
				SWIFT_EMIT_LOC_STRINGS = NO;
				SWIFT_VERSION = 5.0;
				TARGETED_DEVICE_FAMILY = "1,2";
				TEST_TARGET_NAME = itunesMobileApp;
			};
			name = Release;
		};
/* End XCBuildConfiguration section */

/* Begin XCConfigurationList section */
		18D9B5542D06CA1E00C8D359 /* Build configuration list for PBXProject "itunesMobileApp" */ = {
			isa = XCConfigurationList;
			buildConfigurations = (
				18D9B57B2D06CA2100C8D359 /* Debug */,
				18D9B57C2D06CA2100C8D359 /* Release */,
			);
			defaultConfigurationIsVisible = 0;
			defaultConfigurationName = Release;
		};
		18D9B57D2D06CA2100C8D359 /* Build configuration list for PBXNativeTarget "itunesMobileApp" */ = {
			isa = XCConfigurationList;
			buildConfigurations = (
				18D9B57E2D06CA2100C8D359 /* Debug */,
				18D9B57F2D06CA2100C8D359 /* Release */,
			);
			defaultConfigurationIsVisible = 0;
			defaultConfigurationName = Release;
		};
		18D9B5802D06CA2100C8D359 /* Build configuration list for PBXNativeTarget "itunesMobileAppTests" */ = {
			isa = XCConfigurationList;
			buildConfigurations = (
				18D9B5812D06CA2100C8D359 /* Debug */,
				18D9B5822D06CA2100C8D359 /* Release */,
			);
			defaultConfigurationIsVisible = 0;
			defaultConfigurationName = Release;
		};
		18D9B5832D06CA2100C8D359 /* Build configuration list for PBXNativeTarget "itunesMobileAppUITests" */ = {
			isa = XCConfigurationList;
			buildConfigurations = (
				18D9B5842D06CA2100C8D359 /* Debug */,
				18D9B5852D06CA2100C8D359 /* Release */,
			);
			defaultConfigurationIsVisible = 0;
			defaultConfigurationName = Release;
		};
/* End XCConfigurationList section */
	};
	rootObject = 18D9B5512D06CA1E00C8D359 /* Project object */;
}
